
Microsoft Visual Studio Solution File, Format Version 11.00
# Visual Studio 2010
Project("{8BC9CEB8-8B4A-11D0-8D11-00A0C91BC942}") = "SmartVC", "SmartVC.vcxproj", "{478C6D22-D67A-41B8-81D0-F97AAC156463}"
EndProject
Global
	GlobalSection(SolutionConfigurationPlatforms) = preSolution
		Debug|Win32 = Debug|Win32
		Release|Win32 = Release|Win32
	EndGlobalSection
	GlobalSection(ProjectConfigurationPlatforms) = postSolution
		{478C6D22-D67A-41B8-81D0-F97AAC156463}.Debug|Win32.ActiveCfg = Debug|Win32
		{478C6D22-D67A-41B8-81D0-F97AAC156463}.Debug|Win32.Build.0 = Debug|Win32
		{478C6D22-D67A-41B8-81D0-F97AAC156463}.Release|Win32.ActiveCfg = Release|Win32
		{478C6D22-D67A-41B8-81D0-F97AAC156463}.Release|Win32.Build.0 = Release|Win32
	EndGlobalSection
	GlobalSection(SolutionProperties) = preSolution
		HideSolutionNode = FALSE
	EndGlobalSection
EndGlobal
